
Microsoft Visual Studio Solution File, Format Version 12.00
# Visual Studio Version 17
VisualStudioVersion = 17.4.33110.190
MinimumVisualStudioVersion = 10.0.40219.1
Project("{9A19103F-16F7-4668-BE54-9A1E7A4F7556}") = "WinFormDrug", "WinFormDrug\WinFormDrug.csproj", "{F0808B44-9589-4225-B529-07D9019AE662}"
EndProject
Project("{FAE04EC0-301F-11D3-BF4B-00C04F79EFBC}") = "RestoredModel", "RestoredModel\RestoredModel.csproj", "{7610522B-DE29-4F59-BD31-916D0193F39B}"
EndProject
Project("{FAE04EC0-301F-11D3-BF4B-00C04F79EFBC}") = "TestWinForm", "TestWinForm\TestWinForm.csproj", "{DBDC7220-1B8D-4599-AE71-F22EA61BE301}"
EndProject
Global
	GlobalSection(SolutionConfigurationPlatforms) = preSolution
		Debug|Any CPU = Debug|Any CPU
		Release|Any CPU = Release|Any CPU
	EndGlobalSection
	GlobalSection(ProjectConfigurationPlatforms) = postSolution
		{F0808B44-9589-4225-B529-07D9019AE662}.Debug|Any CPU.ActiveCfg = Debug|Any CPU
		{F0808B44-9589-4225-B529-07D9019AE662}.Debug|Any CPU.Build.0 = Debug|Any CPU
		{F0808B44-9589-4225-B529-07D9019AE662}.Release|Any CPU.ActiveCfg = Release|Any CPU
		{F0808B44-9589-4225-B529-07D9019AE662}.Release|Any CPU.Build.0 = Release|Any CPU
		{7610522B-DE29-4F59-BD31-916D0193F39B}.Debug|Any CPU.ActiveCfg = Debug|Any CPU
		{7610522B-DE29-4F59-BD31-916D0193F39B}.Debug|Any CPU.Build.0 = Debug|Any CPU
		{7610522B-DE29-4F59-BD31-916D0193F39B}.Release|Any CPU.ActiveCfg = Release|Any CPU
		{7610522B-DE29-4F59-BD31-916D0193F39B}.Release|Any CPU.Build.0 = Release|Any CPU
		{DBDC7220-1B8D-4599-AE71-F22EA61BE301}.Debug|Any CPU.ActiveCfg = Debug|Any CPU
		{DBDC7220-1B8D-4599-AE71-F22EA61BE301}.Debug|Any CPU.Build.0 = Debug|Any CPU
		{DBDC7220-1B8D-4599-AE71-F22EA61BE301}.Release|Any CPU.ActiveCfg = Release|Any CPU
		{DBDC7220-1B8D-4599-AE71-F22EA61BE301}.Release|Any CPU.Build.0 = Release|Any CPU
	EndGlobalSection
	GlobalSection(SolutionProperties) = preSolution
		HideSolutionNode = FALSE
	EndGlobalSection
	GlobalSection(ExtensibilityGlobals) = postSolution
		SolutionGuid = {077B05F9-CDD0-473D-992C-F4B1C9331D98}
	EndGlobalSection
EndGlobal
